
Microsoft Visual Studio Solution File, Format Version 12.00
# Visual Studio Version 16
VisualStudioVersion = 16.0.32929.386
MinimumVisualStudioVersion = 10.0.40219.1
Project("{FAE04EC0-301F-11D3-BF4B-00C04F79EFBC}") = "PetraSkrlec", "PetraSkrlec\PetraSkrlec.csproj", "{08B02C2A-1D4C-4CF1-AA98-C32F43CD1EF5}"
EndProject
Global
	GlobalSection(SolutionConfigurationPlatforms) = preSolution
		Debug|Any CPU = Debug|Any CPU
		Release|Any CPU = Release|Any CPU
	EndGlobalSection
	GlobalSection(ProjectConfigurationPlatforms) = postSolution
		{08B02C2A-1D4C-4CF1-AA98-C32F43CD1EF5}.Debug|Any CPU.ActiveCfg = Debug|Any CPU
		{08B02C2A-1D4C-4CF1-AA98-C32F43CD1EF5}.Debug|Any CPU.Build.0 = Debug|Any CPU
		{08B02C2A-1D4C-4CF1-AA98-C32F43CD1EF5}.Release|Any CPU.ActiveCfg = Release|Any CPU
		{08B02C2A-1D4C-4CF1-AA98-C32F43CD1EF5}.Release|Any CPU.Build.0 = Release|Any CPU
	EndGlobalSection
	GlobalSection(SolutionProperties) = preSolution
		HideSolutionNode = FALSE
	EndGlobalSection
	GlobalSection(ExtensibilityGlobals) = postSolution
		SolutionGuid = {D85A2640-A9D8-4291-AE6A-38A7573572E4}
	EndGlobalSection
EndGlobal
